
Microsoft Visual Studio Solution File, Format Version 12.00
# Visual Studio 15
VisualStudioVersion = 15.0.28307.271
MinimumVisualStudioVersion = 10.0.40219.1
Project("{FAE04EC0-301F-11D3-BF4B-00C04F79EFBC}") = "MajaMobile.Android", "MajaMobile\MajaMobile.Android\MajaMobile.Android.csproj", "{ED44A9FA-68C9-4709-8035-E94645CA7B84}"
EndProject
Project("{FAE04EC0-301F-11D3-BF4B-00C04F79EFBC}") = "MajaMobile.iOS", "MajaMobile\MajaMobile.iOS\MajaMobile.iOS.csproj", "{FD7BB131-FB4B-44E8-BA21-80314951D6BB}"
EndProject
Project("{FAE04EC0-301F-11D3-BF4B-00C04F79EFBC}") = "MajaMobile", "MajaMobile\MajaMobile\MajaMobile.csproj", "{BCE7ADB1-F6E3-4C9A-8675-043B073925D7}"
EndProject
Global
	GlobalSection(SolutionConfigurationPlatforms) = preSolution
		Ad-Hoc|Any CPU = Ad-Hoc|Any CPU
		Ad-Hoc|iPhone = Ad-Hoc|iPhone
		Ad-Hoc|iPhoneSimulator = Ad-Hoc|iPhoneSimulator
		AppStore|Any CPU = AppStore|Any CPU
		AppStore|iPhone = AppStore|iPhone
		AppStore|iPhoneSimulator = AppStore|iPhoneSimulator
		Debug|Any CPU = Debug|Any CPU
		Debug|iPhone = Debug|iPhone
		Debug|iPhoneSimulator = Debug|iPhoneSimulator
		Release|Any CPU = Release|Any CPU
		Release|iPhone = Release|iPhone
		Release|iPhoneSimulator = Release|iPhoneSimulator
	EndGlobalSection
	GlobalSection(ProjectConfigurationPlatforms) = postSolution
		{ED44A9FA-68C9-4709-8035-E94645CA7B84}.Ad-Hoc|Any CPU.ActiveCfg = Release|Any CPU
		{ED44A9FA-68C9-4709-8035-E94645CA7B84}.Ad-Hoc|Any CPU.Build.0 = Release|Any CPU
		{ED44A9FA-68C9-4709-8035-E94645CA7B84}.Ad-Hoc|Any CPU.Deploy.0 = Release|Any CPU
		{ED44A9FA-68C9-4709-8035-E94645CA7B84}.Ad-Hoc|iPhone.ActiveCfg = Release|Any CPU
		{ED44A9FA-68C9-4709-8035-E94645CA7B84}.Ad-Hoc|iPhone.Build.0 = Release|Any CPU
		{ED44A9FA-68C9-4709-8035-E94645CA7B84}.Ad-Hoc|iPhone.Deploy.0 = Release|Any CPU
		{ED44A9FA-68C9-4709-8035-E94645CA7B84}.Ad-Hoc|iPhoneSimulator.ActiveCfg = Release|Any CPU
		{ED44A9FA-68C9-4709-8035-E94645CA7B84}.Ad-Hoc|iPhoneSimulator.Build.0 = Release|Any CPU
		{ED44A9FA-68C9-4709-8035-E94645CA7B84}.Ad-Hoc|iPhoneSimulator.Deploy.0 = Release|Any CPU
		{ED44A9FA-68C9-4709-8035-E94645CA7B84}.AppStore|Any CPU.ActiveCfg = Release|Any CPU
		{ED44A9FA-68C9-4709-8035-E94645CA7B84}.AppStore|Any CPU.Build.0 = Release|Any CPU
		{ED44A9FA-68C9-4709-8035-E94645CA7B84}.AppStore|Any CPU.Deploy.0 = Release|Any CPU
		{ED44A9FA-68C9-4709-8035-E94645CA7B84}.AppStore|iPhone.ActiveCfg = Release|Any CPU
		{ED44A9FA-68C9-4709-8035-E94645CA7B84}.AppStore|iPhone.Build.0 = Release|Any CPU
		{ED44A9FA-68C9-4709-8035-E94645CA7B84}.AppStore|iPhone.Deploy.0 = Release|Any CPU
		{ED44A9FA-68C9-4709-8035-E94645CA7B84}.AppStore|iPhoneSimulator.ActiveCfg = Release|Any CPU
		{ED44A9FA-68C9-4709-8035-E94645CA7B84}.AppStore|iPhoneSimulator.Build.0 = Release|Any CPU
		{ED44A9FA-68C9-4709-8035-E94645CA7B84}.AppStore|iPhoneSimulator.Deploy.0 = Release|Any CPU
		{ED44A9FA-68C9-4709-8035-E94645CA7B84}.Debug|Any CPU.ActiveCfg = Debug|Any CPU
		{ED44A9FA-68C9-4709-8035-E94645CA7B84}.Debug|Any CPU.Build.0 = Debug|Any CPU
		{ED44A9FA-68C9-4709-8035-E94645CA7B84}.Debug|Any CPU.Deploy.0 = Debug|Any CPU
		{ED44A9FA-68C9-4709-8035-E94645CA7B84}.Debug|iPhone.ActiveCfg = Debug|Any CPU
		{ED44A9FA-68C9-4709-8035-E94645CA7B84}.Debug|iPhone.Build.0 = Debug|Any CPU
		{ED44A9FA-68C9-4709-8035-E94645CA7B84}.Debug|iPhone.Deploy.0 = Debug|Any CPU
		{ED44A9FA-68C9-4709-8035-E94645CA7B84}.Debug|iPhoneSimulator.ActiveCfg = Debug|Any CPU
		{ED44A9FA-68C9-4709-8035-E94645CA7B84}.Debug|iPhoneSimulator.Build.0 = Debug|Any CPU
		{ED44A9FA-68C9-4709-8035-E94645CA7B84}.Debug|iPhoneSimulator.Deploy.0 = Debug|Any CPU
		{ED44A9FA-68C9-4709-8035-E94645CA7B84}.Release|Any CPU.ActiveCfg = Release|Any CPU
		{ED44A9FA-68C9-4709-8035-E94645CA7B84}.Release|Any CPU.Build.0 = Release|Any CPU
		{ED44A9FA-68C9-4709-8035-E94645CA7B84}.Release|Any CPU.Deploy.0 = Release|Any CPU
		{ED44A9FA-68C9-4709-8035-E94645CA7B84}.Release|iPhone.ActiveCfg = Release|Any CPU
		{ED44A9FA-68C9-4709-8035-E94645CA7B84}.Release|iPhone.Build.0 = Release|Any CPU
		{ED44A9FA-68C9-4709-8035-E94645CA7B84}.Release|iPhone.Deploy.0 = Release|Any CPU
		{ED44A9FA-68C9-4709-8035-E94645CA7B84}.Release|iPhoneSimulator.ActiveCfg = Release|Any CPU
		{ED44A9FA-68C9-4709-8035-E94645CA7B84}.Release|iPhoneSimulator.Build.0 = Release|Any CPU
		{ED44A9FA-68C9-4709-8035-E94645CA7B84}.Release|iPhoneSimulator.Deploy.0 = Release|Any CPU
		{FD7BB131-FB4B-44E8-BA21-80314951D6BB}.Ad-Hoc|Any CPU.ActiveCfg = Ad-Hoc|iPhone
		{FD7BB131-FB4B-44E8-BA21-80314951D6BB}.Ad-Hoc|Any CPU.Build.0 = Ad-Hoc|iPhone
		{FD7BB131-FB4B-44E8-BA21-80314951D6BB}.Ad-Hoc|Any CPU.Deploy.0 = Ad-Hoc|iPhone
		{FD7BB131-FB4B-44E8-BA21-80314951D6BB}.Ad-Hoc|iPhone.ActiveCfg = Ad-Hoc|iPhone
		{FD7BB131-FB4B-44E8-BA21-80314951D6BB}.Ad-Hoc|iPhone.Build.0 = Ad-Hoc|iPhone
		{FD7BB131-FB4B-44E8-BA21-80314951D6BB}.Ad-Hoc|iPhone.Deploy.0 = Ad-Hoc|iPhone
		{FD7BB131-FB4B-44E8-BA21-80314951D6BB}.Ad-Hoc|iPhoneSimulator.ActiveCfg = Ad-Hoc|iPhoneSimulator
		{FD7BB131-FB4B-44E8-BA21-80314951D6BB}.Ad-Hoc|iPhoneSimulator.Build.0 = Ad-Hoc|iPhoneSimulator
		{FD7BB131-FB4B-44E8-BA21-80314951D6BB}.Ad-Hoc|iPhoneSimulator.Deploy.0 = Ad-Hoc|iPhoneSimulator
		{FD7BB131-FB4B-44E8-BA21-80314951D6BB}.AppStore|Any CPU.ActiveCfg = AppStore|iPhone
		{FD7BB131-FB4B-44E8-BA21-80314951D6BB}.AppStore|Any CPU.Build.0 = AppStore|iPhone
		{FD7BB131-FB4B-44E8-BA21-80314951D6BB}.AppStore|Any CPU.Deploy.0 = AppStore|iPhone
		{FD7BB131-FB4B-44E8-BA21-80314951D6BB}.AppStore|iPhone.ActiveCfg = AppStore|iPhone
		{FD7BB131-FB4B-44E8-BA21-80314951D6BB}.AppStore|iPhone.Build.0 = AppStore|iPhone
		{FD7BB131-FB4B-44E8-BA21-80314951D6BB}.AppStore|iPhone.Deploy.0 = AppStore|iPhone
		{FD7BB131-FB4B-44E8-BA21-80314951D6BB}.AppStore|iPhoneSimulator.ActiveCfg = AppStore|iPhoneSimulator
		{FD7BB131-FB4B-44E8-BA21-80314951D6BB}.AppStore|iPhoneSimulator.Build.0 = AppStore|iPhoneSimulator
		{FD7BB131-FB4B-44E8-BA21-80314951D6BB}.AppStore|iPhoneSimulator.Deploy.0 = AppStore|iPhoneSimulator
		{FD7BB131-FB4B-44E8-BA21-80314951D6BB}.Debug|Any CPU.ActiveCfg = Debug|iPhoneSimulator
		{FD7BB131-FB4B-44E8-BA21-80314951D6BB}.Debug|Any CPU.Build.0 = Debug|iPhoneSimulator
		{FD7BB131-FB4B-44E8-BA21-80314951D6BB}.Debug|Any CPU.Deploy.0 = Debug|iPhoneSimulator
		{FD7BB131-FB4B-44E8-BA21-80314951D6BB}.Debug|iPhone.ActiveCfg = Debug|iPhone
		{FD7BB131-FB4B-44E8-BA21-80314951D6BB}.Debug|iPhone.Build.0 = Debug|iPhone
		{FD7BB131-FB4B-44E8-BA21-80314951D6BB}.Debug|iPhone.Deploy.0 = Debug|iPhone
		{FD7BB131-FB4B-44E8-BA21-80314951D6BB}.Debug|iPhoneSimulator.ActiveCfg = Debug|iPhoneSimulator
		{FD7BB131-FB4B-44E8-BA21-80314951D6BB}.Debug|iPhoneSimulator.Build.0 = Debug|iPhoneSimulator
		{FD7BB131-FB4B-44E8-BA21-80314951D6BB}.Debug|iPhoneSimulator.Deploy.0 = Debug|iPhoneSimulator
		{FD7BB131-FB4B-44E8-BA21-80314951D6BB}.Release|Any CPU.ActiveCfg = Release|iPhone
		{FD7BB131-FB4B-44E8-BA21-80314951D6BB}.Release|Any CPU.Build.0 = Release|iPhone
		{FD7BB131-FB4B-44E8-BA21-80314951D6BB}.Release|Any CPU.Deploy.0 = Release|iPhone
		{FD7BB131-FB4B-44E8-BA21-80314951D6BB}.Release|iPhone.ActiveCfg = Release|iPhone
		{FD7BB131-FB4B-44E8-BA21-80314951D6BB}.Release|iPhone.Build.0 = Release|iPhone
		{FD7BB131-FB4B-44E8-BA21-80314951D6BB}.Release|iPhone.Deploy.0 = Release|iPhone
		{FD7BB131-FB4B-44E8-BA21-80314951D6BB}.Release|iPhoneSimulator.ActiveCfg = Release|iPhoneSimulator
		{FD7BB131-FB4B-44E8-BA21-80314951D6BB}.Release|iPhoneSimulator.Build.0 = Release|iPhoneSimulator
		{FD7BB131-FB4B-44E8-BA21-80314951D6BB}.Release|iPhoneSimulator.Deploy.0 = Release|iPhoneSimulator
		{BCE7ADB1-F6E3-4C9A-8675-043B073925D7}.Ad-Hoc|Any CPU.ActiveCfg = Debug|Any CPU
		{BCE7ADB1-F6E3-4C9A-8675-043B073925D7}.Ad-Hoc|Any CPU.Build.0 = Debug|Any CPU
		{BCE7ADB1-F6E3-4C9A-8675-043B073925D7}.Ad-Hoc|Any CPU.Deploy.0 = Debug|Any CPU
		{BCE7ADB1-F6E3-4C9A-8675-043B073925D7}.Ad-Hoc|iPhone.ActiveCfg = Debug|Any CPU
		{BCE7ADB1-F6E3-4C9A-8675-043B073925D7}.Ad-Hoc|iPhone.Build.0 = Debug|Any CPU
		{BCE7ADB1-F6E3-4C9A-8675-043B073925D7}.Ad-Hoc|iPhone.Deploy.0 = Debug|Any CPU
		{BCE7ADB1-F6E3-4C9A-8675-043B073925D7}.Ad-Hoc|iPhoneSimulator.ActiveCfg = Debug|Any CPU
		{BCE7ADB1-F6E3-4C9A-8675-043B073925D7}.Ad-Hoc|iPhoneSimulator.Build.0 = Debug|Any CPU
		{BCE7ADB1-F6E3-4C9A-8675-043B073925D7}.Ad-Hoc|iPhoneSimulator.Deploy.0 = Debug|Any CPU
		{BCE7ADB1-F6E3-4C9A-8675-043B073925D7}.AppStore|Any CPU.ActiveCfg = Debug|Any CPU
		{BCE7ADB1-F6E3-4C9A-8675-043B073925D7}.AppStore|Any CPU.Build.0 = Debug|Any CPU
		{BCE7ADB1-F6E3-4C9A-8675-043B073925D7}.AppStore|Any CPU.Deploy.0 = Debug|Any CPU
		{BCE7ADB1-F6E3-4C9A-8675-043B073925D7}.AppStore|iPhone.ActiveCfg = Debug|Any CPU
		{BCE7ADB1-F6E3-4C9A-8675-043B073925D7}.AppStore|iPhone.Build.0 = Debug|Any CPU
		{BCE7ADB1-F6E3-4C9A-8675-043B073925D7}.AppStore|iPhone.Deploy.0 = Debug|Any CPU
		{BCE7ADB1-F6E3-4C9A-8675-043B073925D7}.AppStore|iPhoneSimulator.ActiveCfg = Debug|Any CPU
		{BCE7ADB1-F6E3-4C9A-8675-043B073925D7}.AppStore|iPhoneSimulator.Build.0 = Debug|Any CPU
		{BCE7ADB1-F6E3-4C9A-8675-043B073925D7}.AppStore|iPhoneSimulator.Deploy.0 = Debug|Any CPU
		{BCE7ADB1-F6E3-4C9A-8675-043B073925D7}.Debug|Any CPU.ActiveCfg = Debug|Any CPU
		{BCE7ADB1-F6E3-4C9A-8675-043B073925D7}.Debug|Any CPU.Build.0 = Debug|Any CPU
		{BCE7ADB1-F6E3-4C9A-8675-043B073925D7}.Debug|Any CPU.Deploy.0 = Debug|Any CPU
		{BCE7ADB1-F6E3-4C9A-8675-043B073925D7}.Debug|iPhone.ActiveCfg = Debug|Any CPU
		{BCE7ADB1-F6E3-4C9A-8675-043B073925D7}.Debug|iPhone.Build.0 = Debug|Any CPU
		{BCE7ADB1-F6E3-4C9A-8675-043B073925D7}.Debug|iPhone.Deploy.0 = Debug|Any CPU
		{BCE7ADB1-F6E3-4C9A-8675-043B073925D7}.Debug|iPhoneSimulator.ActiveCfg = Debug|Any CPU
		{BCE7ADB1-F6E3-4C9A-8675-043B073925D7}.Debug|iPhoneSimulator.Build.0 = Debug|Any CPU
		{BCE7ADB1-F6E3-4C9A-8675-043B073925D7}.Debug|iPhoneSimulator.Deploy.0 = Debug|Any CPU
		{BCE7ADB1-F6E3-4C9A-8675-043B073925D7}.Release|Any CPU.ActiveCfg = Release|Any CPU
		{BCE7ADB1-F6E3-4C9A-8675-043B073925D7}.Release|Any CPU.Build.0 = Release|Any CPU
		{BCE7ADB1-F6E3-4C9A-8675-043B073925D7}.Release|Any CPU.Deploy.0 = Release|Any CPU
		{BCE7ADB1-F6E3-4C9A-8675-043B073925D7}.Release|iPhone.ActiveCfg = Release|Any CPU
		{BCE7ADB1-F6E3-4C9A-8675-043B073925D7}.Release|iPhone.Build.0 = Release|Any CPU
		{BCE7ADB1-F6E3-4C9A-8675-043B073925D7}.Release|iPhone.Deploy.0 = Release|Any CPU
		{BCE7ADB1-F6E3-4C9A-8675-043B073925D7}.Release|iPhoneSimulator.ActiveCfg = Release|Any CPU
		{BCE7ADB1-F6E3-4C9A-8675-043B073925D7}.Release|iPhoneSimulator.Build.0 = Release|Any CPU
		{BCE7ADB1-F6E3-4C9A-8675-043B073925D7}.Release|iPhoneSimulator.Deploy.0 = Release|Any CPU
	EndGlobalSection
	GlobalSection(SolutionProperties) = preSolution
		HideSolutionNode = FALSE
	EndGlobalSection
	GlobalSection(ExtensibilityGlobals) = postSolution
		SolutionGuid = {B5E4B8BF-D0D6-4620-8EB8-B18D38C247FF}
	EndGlobalSection
EndGlobal
